<Solution>
  <Folder Name="/src/">
    <Project Path="src/Adham.Common/Adham.Common.csproj" />
    <Project Path="src/Adham.Core/Adham.Core.csproj" />
  </Folder>
  <Folder Name="/tests/">
    <Project Path="tests/Adham.Common.Tests/Adham.Common.Tests.csproj" />
    <Project Path="tests/Adham.Core.Tests/Adham.Core.Tests.csproj" />
  </Folder>
</Solution>
